
Microsoft Visual Studio Solution File, Format Version 12.00
# Visual Studio Version 16
VisualStudioVersion = 16.0.30320.27
MinimumVisualStudioVersion = 10.0.40219.1
Project("{FAE04EC0-301F-11D3-BF4B-00C04F79EFBC}") = "Overlaps_VirtualWord_Override_Base", "Overlaps_VirtualWord_Override_Base\Overlaps_VirtualWord_Override_Base.csproj", "{19589906-A503-4FB7-92C3-B12C6C15683A}"
EndProject
Global
	GlobalSection(SolutionConfigurationPlatforms) = preSolution
		Debug|Any CPU = Debug|Any CPU
		Release|Any CPU = Release|Any CPU
	EndGlobalSection
	GlobalSection(ProjectConfigurationPlatforms) = postSolution
		{19589906-A503-4FB7-92C3-B12C6C15683A}.Debug|Any CPU.ActiveCfg = Debug|Any CPU
		{19589906-A503-4FB7-92C3-B12C6C15683A}.Debug|Any CPU.Build.0 = Debug|Any CPU
		{19589906-A503-4FB7-92C3-B12C6C15683A}.Release|Any CPU.ActiveCfg = Release|Any CPU
		{19589906-A503-4FB7-92C3-B12C6C15683A}.Release|Any CPU.Build.0 = Release|Any CPU
	EndGlobalSection
	GlobalSection(SolutionProperties) = preSolution
		HideSolutionNode = FALSE
	EndGlobalSection
	GlobalSection(ExtensibilityGlobals) = postSolution
		SolutionGuid = {136ECA9A-9284-4106-97CA-2880DB8342F8}
	EndGlobalSection
EndGlobal
